
Microsoft Visual Studio Solution File, Format Version 12.00
# Visual Studio 15
VisualStudioVersion = 15.0.28307.106
MinimumVisualStudioVersion = 10.0.40219.1
Project("{FAE04EC0-301F-11D3-BF4B-00C04F79EFBC}") = "SpanOfT", "SpanOfT\SpanOfT.csproj", "{4B0FBAA7-AE7C-4D7B-A213-39DEC5D1E9D4}"
EndProject
Global
	GlobalSection(SolutionConfigurationPlatforms) = preSolution
		Debug|Any CPU = Debug|Any CPU
		Release|Any CPU = Release|Any CPU
	EndGlobalSection
	GlobalSection(ProjectConfigurationPlatforms) = postSolution
		{4B0FBAA7-AE7C-4D7B-A213-39DEC5D1E9D4}.Debug|Any CPU.ActiveCfg = Debug|Any CPU
		{4B0FBAA7-AE7C-4D7B-A213-39DEC5D1E9D4}.Debug|Any CPU.Build.0 = Debug|Any CPU
		{4B0FBAA7-AE7C-4D7B-A213-39DEC5D1E9D4}.Release|Any CPU.ActiveCfg = Release|Any CPU
		{4B0FBAA7-AE7C-4D7B-A213-39DEC5D1E9D4}.Release|Any CPU.Build.0 = Release|Any CPU
	EndGlobalSection
	GlobalSection(SolutionProperties) = preSolution
		HideSolutionNode = FALSE
	EndGlobalSection
	GlobalSection(ExtensibilityGlobals) = postSolution
		SolutionGuid = {B5F1A268-B938-4BD6-818C-24C8AA94A5FD}
	EndGlobalSection
EndGlobal
